
Microsoft Visual Studio Solution File, Format Version 12.00
# Visual Studio Version 17
VisualStudioVersion = 17.1.32210.238
MinimumVisualStudioVersion = 10.0.40219.1
Project("{FAE04EC0-301F-11D3-BF4B-00C04F79EFBC}") = "RequiredValidationAttribute", "RequiredValidationAttribute\RequiredValidationAttribute.csproj", "{C185726C-1EAD-4AFF-987C-1086828FDE33}"
EndProject
Global
	GlobalSection(SolutionConfigurationPlatforms) = preSolution
		Debug|Any CPU = Debug|Any CPU
		Release|Any CPU = Release|Any CPU
	EndGlobalSection
	GlobalSection(ProjectConfigurationPlatforms) = postSolution
		{C185726C-1EAD-4AFF-987C-1086828FDE33}.Debug|Any CPU.ActiveCfg = Debug|Any CPU
		{C185726C-1EAD-4AFF-987C-1086828FDE33}.Debug|Any CPU.Build.0 = Debug|Any CPU
		{C185726C-1EAD-4AFF-987C-1086828FDE33}.Release|Any CPU.ActiveCfg = Release|Any CPU
		{C185726C-1EAD-4AFF-987C-1086828FDE33}.Release|Any CPU.Build.0 = Release|Any CPU
	EndGlobalSection
	GlobalSection(SolutionProperties) = preSolution
		HideSolutionNode = FALSE
	EndGlobalSection
	GlobalSection(ExtensibilityGlobals) = postSolution
		SolutionGuid = {01A363DA-3675-46F9-950D-1136986B2BE4}
	EndGlobalSection
EndGlobal
